// !$*UTF8*$!
{
	archiveVersion = 1;
	classes = {
	};
	objectVersion = 46;
	objects = {

/* Begin PBXBuildFile section */
		3398F60C1B75908200163875 /* AppDelegate.swift in Sources */ = {isa = PBXBuildFile; fileRef = 3398F60B1B75908200163875 /* AppDelegate.swift */; };
		3398F60E1B75908200163875 /* ViewController.swift in Sources */ = {isa = PBXBuildFile; fileRef = 3398F60D1B75908200163875 /* ViewController.swift */; };
		3398F6111B75908200163875 /* Main.storyboard in Resources */ = {isa = PBXBuildFile; fileRef = 3398F60F1B75908200163875 /* Main.storyboard */; };
		3398F6131B75908200163875 /* Images.xcassets in Resources */ = {isa = PBXBuildFile; fileRef = 3398F6121B75908200163875 /* Images.xcassets */; };
		3398F6161B75908200163875 /* LaunchScreen.xib in Resources */ = {isa = PBXBuildFile; fileRef = 3398F6141B75908200163875 /* LaunchScreen.xib */; };
		3398F6221B75908200163875 /* itipTests.swift in Sources */ = {isa = PBXBuildFile; fileRef = 3398F6211B75908200163875 /* itipTests.swift */; };
		33B1CF561B7845DD007C1959 /* SettingsViewController.swift in Sources */ = {isa = PBXBuildFile; fileRef = 33B1CF551B7845DD007C1959 /* SettingsViewController.swift */; };
/* End PBXBuildFile section */

/* Begin PBXContainerItemProxy section */
		3398F61C1B75908200163875 /* PBXContainerItemProxy */ = {
			isa = PBXContainerItemProxy;
			containerPortal = 3398F5FE1B75908200163875 /* Project object */;
			proxyType = 1;
			remoteGlobalIDString = 3398F6051B75908200163875;
			remoteInfo = itip;
		};
/* End PBXContainerItemProxy section */

/* Begin PBXFileReference section */
		3398F6061B75908200163875 /* iTipRight.app */ = {isa = PBXFileReference; explicitFileType = wrapper.application; includeInIndex = 0; path = iTipRight.app; sourceTree = BUILT_PRODUCTS_DIR; };
		3398F60A1B75908200163875 /* Info.plist */ = {isa = PBXFileReference; lastKnownFileType = text.plist.xml; path = Info.plist; sourceTree = "<group>"; };
		3398F60B1B75908200163875 /* AppDelegate.swift */ = {isa = PBXFileReference; lastKnownFileType = sourcecode.swift; path = AppDelegate.swift; sourceTree = "<group>"; };
		3398F60D1B75908200163875 /* ViewController.swift */ = {isa = PBXFileReference; lastKnownFileType = sourcecode.swift; path = ViewController.swift; sourceTree = "<group>"; };
		3398F6101B75908200163875 /* Base */ = {isa = PBXFileReference; lastKnownFileType = file.storyboard; name = Base; path = Base.lproj/Main.storyboard; sourceTree = "<group>"; };
		3398F6121B75908200163875 /* Images.xcassets */ = {isa = PBXFileReference; lastKnownFileType = folder.assetcatalog; path = Images.xcassets; sourceTree = "<group>"; };
		3398F6151B75908200163875 /* Base */ = {isa = PBXFileReference; lastKnownFileType = file.xib; name = Base; path = Base.lproj/LaunchScreen.xib; sourceTree = "<group>"; };
		3398F61B1B75908200163875 /* iTipRightTests.xctest */ = {isa = PBXFileReference; explicitFileType = wrapper.cfbundle; includeInIndex = 0; path = iTipRightTests.xctest; sourceTree = BUILT_PRODUCTS_DIR; };
		3398F6201B75908200163875 /* Info.plist */ = {isa = PBXFileReference; lastKnownFileType = text.plist.xml; path = Info.plist; sourceTree = "<group>"; };
		3398F6211B75908200163875 /* itipTests.swift */ = {isa = PBXFileReference; lastKnownFileType = sourcecode.swift; path = itipTests.swift; sourceTree = "<group>"; };
		33B1CF551B7845DD007C1959 /* SettingsViewController.swift */ = {isa = PBXFileReference; fileEncoding = 4; lastKnownFileType = sourcecode.swift; path = SettingsViewController.swift; sourceTree = "<group>"; };
/* End PBXFileReference section */

/* Begin PBXFrameworksBuildPhase section */
		3398F6031B75908200163875 /* Frameworks */ = {
			isa = PBXFrameworksBuildPhase;
			buildActionMask = 2147483647;
			files = (
			);
			runOnlyForDeploymentPostprocessing = 0;
		};
		3398F6181B75908200163875 /* Frameworks */ = {
			isa = PBXFrameworksBuildPhase;
			buildActionMask = 2147483647;
			files = (
			);
			runOnlyForDeploymentPostprocessing = 0;
		};
/* End PBXFrameworksBuildPhase section */

/* Begin PBXGroup section */
		3398F5FD1B75908200163875 = {
			isa = PBXGroup;
			children = (
				3398F6081B75908200163875 /* itip */,
				3398F61E1B75908200163875 /* itipTests */,
				3398F6071B75908200163875 /* Products */,
			);
			sourceTree = "<group>";
		};
		3398F6071B75908200163875 /* Products */ = {
			isa = PBXGroup;
			children = (
				3398F6061B75908200163875 /* iTipRight.app */,
				3398F61B1B75908200163875 /* iTipRightTests.xctest */,
			);
			name = Products;
			sourceTree = "<group>";
		};
		3398F6081B75908200163875 /* itip */ = {
			isa = PBXGroup;
			children = (
				3398F60B1B75908200163875 /* AppDelegate.swift */,
				3398F60D1B75908200163875 /* ViewController.swift */,
				3398F60F1B75908200163875 /* Main.storyboard */,
				33B1CF551B7845DD007C1959 /* SettingsViewController.swift */,
				3398F6121B75908200163875 /* Images.xcassets */,
				3398F6141B75908200163875 /* LaunchScreen.xib */,
				3398F6091B75908200163875 /* Supporting Files */,
			);
			path = itip;
			sourceTree = "<group>";
		};
		3398F6091B75908200163875 /* Supporting Files */ = {
			isa = PBXGroup;
			children = (
				3398F60A1B75908200163875 /* Info.plist */,
			);
			name = "Supporting Files";
			sourceTree = "<group>";
		};
		3398F61E1B75908200163875 /* itipTests */ = {
			isa = PBXGroup;
			children = (
				3398F6211B75908200163875 /* itipTests.swift */,
				3398F61F1B75908200163875 /* Supporting Files */,
			);
			path = itipTests;
			sourceTree = "<group>";
		};
		3398F61F1B75908200163875 /* Supporting Files */ = {
			isa = PBXGroup;
			children = (
				3398F6201B75908200163875 /* Info.plist */,
			);
			name = "Supporting Files";
			sourceTree = "<group>";
		};
/* End PBXGroup section */

/* Begin PBXNativeTarget section */
		3398F6051B75908200163875 /* iTipRight */ = {
			isa = PBXNativeTarget;
			buildConfigurationList = 3398F6251B75908200163875 /* Build configuration list for PBXNativeTarget "iTipRight" */;
			buildPhases = (
				3398F6021B75908200163875 /* Sources */,
				3398F6031B75908200163875 /* Frameworks */,
				3398F6041B75908200163875 /* Resources */,
			);
			buildRules = (
			);
			dependencies = (
			);
			name = iTipRight;
			productName = itip;
			productReference = 3398F6061B75908200163875 /* iTipRight.app */;
			productType = "com.apple.product-type.application";
		};
		3398F61A1B75908200163875 /* iTipRightTests */ = {
			isa = PBXNativeTarget;
			buildConfigurationList = 3398F6281B75908200163875 /* Build configuration list for PBXNativeTarget "iTipRightTests" */;
			buildPhases = (
				3398F6171B75908200163875 /* Sources */,
				3398F6181B75908200163875 /* Frameworks */,
				3398F6191B75908200163875 /* Resources */,
			);
			buildRules = (
			);
			dependencies = (
				3398F61D1B75908200163875 /* PBXTargetDependency */,
			);
			name = iTipRightTests;
			productName = itipTests;
			productReference = 3398F61B1B75908200163875 /* iTipRightTests.xctest */;
			productType = "com.apple.product-type.bundle.unit-test";
		};
/* End PBXNativeTarget section */

/* Begin PBXProject section */
		3398F5FE1B75908200163875 /* Project object */ = {
			isa = PBXProject;
			attributes = {
				LastUpgradeCheck = 0610;
				ORGANIZATIONNAME = ashwindas;
				TargetAttributes = {
					3398F6051B75908200163875 = {
						CreatedOnToolsVersion = 6.1;
						DevelopmentTeam = 228G58497T;
					};
					3398F61A1B75908200163875 = {
						CreatedOnToolsVersion = 6.1;
						TestTargetID = 3398F6051B75908200163875;
					};
				};
			};
			buildConfigurationList = 3398F6011B75908200163875 /* Build configuration list for PBXProject "iTipRight" */;
			compatibilityVersion = "Xcode 3.2";
			developmentRegion = English;
			hasScannedForEncodings = 0;
			knownRegions = (
				en,
				Base,
			);
			mainGroup = 3398F5FD1B75908200163875;
			productRefGroup = 3398F6071B75908200163875 /* Products */;
			projectDirPath = "";
			projectRoot = "";
			targets = (
				3398F6051B75908200163875 /* iTipRight */,
				3398F61A1B75908200163875 /* iTipRightTests */,
			);
		};
/* End PBXProject section */

/* Begin PBXResourcesBuildPhase section */
		3398F6041B75908200163875 /* Resources */ = {
			isa = PBXResourcesBuildPhase;
			buildActionMask = 2147483647;
			files = (
				3398F6111B75908200163875 /* Main.storyboard in Resources */,
				3398F6161B75908200163875 /* LaunchScreen.xib in Resources */,
				3398F6131B75908200163875 /* Images.xcassets in Resources */,
			);
			runOnlyForDeploymentPostprocessing = 0;
		};
		3398F6191B75908200163875 /* Resources */ = {
			isa = PBXResourcesBuildPhase;
			buildActionMask = 2147483647;
			files = (
			);
			runOnlyForDeploymentPostprocessing = 0;
		};
/* End PBXResourcesBuildPhase section */

/* Begin PBXSourcesBuildPhase section */
		3398F6021B75908200163875 /* Sources */ = {
			isa = PBXSourcesBuildPhase;
			buildActionMask = 2147483647;
			files = (
				3398F60E1B75908200163875 /* ViewController.swift in Sources */,
				3398F60C1B75908200163875 /* AppDelegate.swift in Sources */,
				33B1CF561B7845DD007C1959 /* SettingsViewController.swift in Sources */,
			);
			runOnlyForDeploymentPostprocessing = 0;
		};
		3398F6171B75908200163875 /* Sources */ = {
			isa = PBXSourcesBuildPhase;
			buildActionMask = 2147483647;
			files = (
				3398F6221B75908200163875 /* itipTests.swift in Sources */,
			);
			runOnlyForDeploymentPostprocessing = 0;
		};
/* End PBXSourcesBuildPhase section */

/* Begin PBXTargetDependency section */
		3398F61D1B75908200163875 /* PBXTargetDependency */ = {
			isa = PBXTargetDependency;
			target = 3398F6051B75908200163875 /* iTipRight */;
			targetProxy = 3398F61C1B75908200163875 /* PBXContainerItemProxy */;
		};
/* End PBXTargetDependency section */

/* Begin PBXVariantGroup section */
		3398F60F1B75908200163875 /* Main.storyboard */ = {
			isa = PBXVariantGroup;
			children = (
				3398F6101B75908200163875 /* Base */,
			);
			name = Main.storyboard;
			sourceTree = "<group>";
		};
		3398F6141B75908200163875 /* LaunchScreen.xib */ = {
			isa = PBXVariantGroup;
			children = (
				3398F6151B75908200163875 /* Base */,
			);
			name = LaunchScreen.xib;
			sourceTree = "<group>";
		};
/* End PBXVariantGroup section */

/* Begin XCBuildConfiguration section */
		3398F6231B75908200163875 /* Debug */ = {
			isa = XCBuildConfiguration;
			buildSettings = {
				ALWAYS_SEARCH_USER_PATHS = NO;
				CLANG_CXX_LANGUAGE_STANDARD = "gnu++0x";
				CLANG_CXX_LIBRARY = "libc++";
				CLANG_ENABLE_MODULES = YES;
				CLANG_ENABLE_OBJC_ARC = YES;
				CLANG_WARN_BOOL_CONVERSION = YES;
				CLANG_WARN_CONSTANT_CONVERSION = YES;
				CLANG_WARN_DIRECT_OBJC_ISA_USAGE = YES_ERROR;
				CLANG_WARN_EMPTY_BODY = YES;
				CLANG_WARN_ENUM_CONVERSION = YES;
				CLANG_WARN_INT_CONVERSION = YES;
				CLANG_WARN_OBJC_ROOT_CLASS = YES_ERROR;
				CLANG_WARN_UNREACHABLE_CODE = YES;
				CLANG_WARN__DUPLICATE_METHOD_MATCH = YES;
				"CODE_SIGN_IDENTITY[sdk=iphoneos*]" = "iPhone Developer";
				COPY_PHASE_STRIP = NO;
				ENABLE_STRICT_OBJC_MSGSEND = YES;
				GCC_C_LANGUAGE_STANDARD = gnu99;
				GCC_DYNAMIC_NO_PIC = NO;
				GCC_OPTIMIZATION_LEVEL = 0;
				GCC_PREPROCESSOR_DEFINITIONS = (
					"DEBUG=1",
					"$(inherited)",
				);
				GCC_SYMBOLS_PRIVATE_EXTERN = NO;
				GCC_WARN_64_TO_32_BIT_CONVERSION = YES;
				GCC_WARN_ABOUT_RETURN_TYPE = YES_ERROR;
				GCC_WARN_UNDECLARED_SELECTOR = YES;
				GCC_WARN_UNINITIALIZED_AUTOS = YES_AGGRESSIVE;
				GCC_WARN_UNUSED_FUNCTION = YES;
				GCC_WARN_UNUSED_VARIABLE = YES;
				IPHONEOS_DEPLOYMENT_TARGET = 8.1;
				MTL_ENABLE_DEBUG_INFO = YES;
				ONLY_ACTIVE_ARCH = YES;
				SDKROOT = iphoneos;
				SWIFT_OPTIMIZATION_LEVEL = "-Onone";
			};
			name = Debug;
		};
		3398F6241B75908200163875 /* Release */ = {
			isa = XCBuildConfiguration;
			buildSettings = {
				ALWAYS_SEARCH_USER_PATHS = NO;
				CLANG_CXX_LANGUAGE_STANDARD = "gnu++0x";
				CLANG_CXX_LIBRARY = "libc++";
				CLANG_ENABLE_MODULES = YES;
				CLANG_ENABLE_OBJC_ARC = YES;
				CLANG_WARN_BOOL_CONVERSION = YES;
				CLANG_WARN_CONSTANT_CONVERSION = YES;
				CLANG_WARN_DIRECT_OBJC_ISA_USAGE = YES_ERROR;
				CLANG_WARN_EMPTY_BODY = YES;
				CLANG_WARN_ENUM_CONVERSION = YES;
				CLANG_WARN_INT_CONVERSION = YES;
				CLANG_WARN_OBJC_ROOT_CLASS = YES_ERROR;
				CLANG_WARN_UNREACHABLE_CODE = YES;
				CLANG_WARN__DUPLICATE_METHOD_MATCH = YES;
				"CODE_SIGN_IDENTITY[sdk=iphoneos*]" = "iPhone Developer";
				COPY_PHASE_STRIP = YES;
				ENABLE_NS_ASSERTIONS = NO;
				ENABLE_STRICT_OBJC_MSGSEND = YES;
				GCC_C_LANGUAGE_STANDARD = gnu99;
				GCC_WARN_64_TO_32_BIT_CONVERSION = YES;
				GCC_WARN_ABOUT_RETURN_TYPE = YES_ERROR;
				GCC_WARN_UNDECLARED_SELECTOR = YES;
				GCC_WARN_UNINITIALIZED_AUTOS = YES_AGGRESSIVE;
				GCC_WARN_UNUSED_FUNCTION = YES;
				GCC_WARN_UNUSED_VARIABLE = YES;
				IPHONEOS_DEPLOYMENT_TARGET = 8.1;
				MTL_ENABLE_DEBUG_INFO = NO;
				SDKROOT = iphoneos;
				VALIDATE_PRODUCT = YES;
			};
			name = Release;
		};
		3398F6261B75908200163875 /* Debug */ = {
			isa = XCBuildConfiguration;
			buildSettings = {
				ASSETCATALOG_COMPILER_APPICON_NAME = AppIcon;
				INFOPLIST_FILE = itip/Info.plist;
				IPHONEOS_DEPLOYMENT_TARGET = 8.1;
				LD_RUNPATH_SEARCH_PATHS = "$(inherited) @executable_path/Frameworks";
				PRODUCT_NAME = iTipRight;
			};
			name = Debug;
		};
		3398F6271B75908200163875 /* Release */ = {
			isa = XCBuildConfiguration;
			buildSettings = {
				ASSETCATALOG_COMPILER_APPICON_NAME = AppIcon;
				INFOPLIST_FILE = itip/Info.plist;
				IPHONEOS_DEPLOYMENT_TARGET = 8.1;
				LD_RUNPATH_SEARCH_PATHS = "$(inherited) @executable_path/Frameworks";
				PRODUCT_NAME = iTipRight;
			};
			name = Release;
		};
		3398F6291B75908200163875 /* Debug */ = {
			isa = XCBuildConfiguration;
			buildSettings = {
				BUNDLE_LOADER = "$(TEST_HOST)";
				FRAMEWORK_SEARCH_PATHS = (
					"$(SDKROOT)/Developer/Library/Frameworks",
					"$(inherited)",
				);
				GCC_PREPROCESSOR_DEFINITIONS = (
					"DEBUG=1",
					"$(inherited)",
				);
				INFOPLIST_FILE = itipTests/Info.plist;
				LD_RUNPATH_SEARCH_PATHS = "$(inherited) @executable_path/Frameworks @loader_path/Frameworks";
				PRODUCT_NAME = iTipRightTests;
				TEST_HOST = "$(BUILT_PRODUCTS_DIR)/itip.app/itip";
			};
			name = Debug;
		};
		3398F62A1B75908200163875 /* Release */ = {
			isa = XCBuildConfiguration;
			buildSettings = {
				BUNDLE_LOADER = "$(TEST_HOST)";
				FRAMEWORK_SEARCH_PATHS = (
					"$(SDKROOT)/Developer/Library/Frameworks",
					"$(inherited)",
				);
				INFOPLIST_FILE = itipTests/Info.plist;
				LD_RUNPATH_SEARCH_PATHS = "$(inherited) @executable_path/Frameworks @loader_path/Frameworks";
				PRODUCT_NAME = iTipRightTests;
				TEST_HOST = "$(BUILT_PRODUCTS_DIR)/itip.app/itip";
			};
			name = Release;
		};
/* End XCBuildConfiguration section */

/* Begin XCConfigurationList section */
		3398F6011B75908200163875 /* Build configuration list for PBXProject "iTipRight" */ = {
			isa = XCConfigurationList;
			buildConfigurations = (
				3398F6231B75908200163875 /* Debug */,
				3398F6241B75908200163875 /* Release */,
			);
			defaultConfigurationIsVisible = 0;
			defaultConfigurationName = Release;
		};
		3398F6251B75908200163875 /* Build configuration list for PBXNativeTarget "iTipRight" */ = {
			isa = XCConfigurationList;
			buildConfigurations = (
				3398F6261B75908200163875 /* Debug */,
				3398F6271B75908200163875 /* Release */,
			);
			defaultConfigurationIsVisible = 0;
			defaultConfigurationName = Release;
		};
		3398F6281B75908200163875 /* Build configuration list for PBXNativeTarget "iTipRightTests" */ = {
			isa = XCConfigurationList;
			buildConfigurations = (
				3398F6291B75908200163875 /* Debug */,
				3398F62A1B75908200163875 /* Release */,
			);
			defaultConfigurationIsVisible = 0;
			defaultConfigurationName = Release;
		};
/* End XCConfigurationList section */
	};
	rootObject = 3398F5FE1B75908200163875 /* Project object */;
}
